
Microsoft Visual Studio Solution File, Format Version 12.00
# Visual Studio Version 17
VisualStudioVersion = 17.4.33122.133
MinimumVisualStudioVersion = 10.0.40219.1
Project("{FAE04EC0-301F-11D3-BF4B-00C04F79EFBC}") = "MatchGame", "MatchGame\MatchGame.csproj", "{DBC0B2C9-0837-4872-A35F-D3AC280A35E2}"
EndProject
Global
	GlobalSection(SolutionConfigurationPlatforms) = preSolution
		Debug|Any CPU = Debug|Any CPU
		Release|Any CPU = Release|Any CPU
	EndGlobalSection
	GlobalSection(ProjectConfigurationPlatforms) = postSolution
		{DBC0B2C9-0837-4872-A35F-D3AC280A35E2}.Debug|Any CPU.ActiveCfg = Debug|Any CPU
		{DBC0B2C9-0837-4872-A35F-D3AC280A35E2}.Debug|Any CPU.Build.0 = Debug|Any CPU
		{DBC0B2C9-0837-4872-A35F-D3AC280A35E2}.Release|Any CPU.ActiveCfg = Release|Any CPU
		{DBC0B2C9-0837-4872-A35F-D3AC280A35E2}.Release|Any CPU.Build.0 = Release|Any CPU
	EndGlobalSection
	GlobalSection(SolutionProperties) = preSolution
		HideSolutionNode = FALSE
	EndGlobalSection
	GlobalSection(ExtensibilityGlobals) = postSolution
		SolutionGuid = {A95D1A2C-9DEE-4BA3-B744-E1BF1540FA4C}
	EndGlobalSection
EndGlobal
